// !$*UTF8*$!
{
	archiveVersion = 1;
	classes = {
	};
	objectVersion = 50;
	objects = {

/* Begin PBXBuildFile section */
		44D5A7172252D54C000611F9 /* AppDelegate.swift in Sources */ = {isa = PBXBuildFile; fileRef = 44D5A7162252D54C000611F9 /* AppDelegate.swift */; };
		44D5A7192252D54C000611F9 /* CollectionListVC.swift in Sources */ = {isa = PBXBuildFile; fileRef = 44D5A7182252D54C000611F9 /* CollectionListVC.swift */; };
		44D5A71E2252D54F000611F9 /* Assets.xcassets in Resources */ = {isa = PBXBuildFile; fileRef = 44D5A71D2252D54F000611F9 /* Assets.xcassets */; };
		44D5A7212252D54F000611F9 /* LaunchScreen.storyboard in Resources */ = {isa = PBXBuildFile; fileRef = 44D5A71F2252D54F000611F9 /* LaunchScreen.storyboard */; };
		44D5A7292252D62D000611F9 /* DetailCollectionVC.swift in Sources */ = {isa = PBXBuildFile; fileRef = 44D5A7282252D62D000611F9 /* DetailCollectionVC.swift */; };
		44D5A72F2252EA28000611F9 /* CategoriesModel.swift in Sources */ = {isa = PBXBuildFile; fileRef = 44D5A72E2252EA28000611F9 /* CategoriesModel.swift */; };
		44D5A7312252EA38000611F9 /* Product.swift in Sources */ = {isa = PBXBuildFile; fileRef = 44D5A7302252EA38000611F9 /* Product.swift */; };
		44D5A7332252EA7C000611F9 /* CategoriesCell.swift in Sources */ = {isa = PBXBuildFile; fileRef = 44D5A7322252EA7C000611F9 /* CategoriesCell.swift */; };
		44D5A7352252EA9B000611F9 /* ProductCell.swift in Sources */ = {isa = PBXBuildFile; fileRef = 44D5A7342252EA9B000611F9 /* ProductCell.swift */; };
		44D5A7372252EAB2000611F9 /* CategoriesLayout.swift in Sources */ = {isa = PBXBuildFile; fileRef = 44D5A7362252EAB2000611F9 /* CategoriesLayout.swift */; };
		44D5A7392252EABD000611F9 /* ProductLayout.swift in Sources */ = {isa = PBXBuildFile; fileRef = 44D5A7382252EABD000611F9 /* ProductLayout.swift */; };
		44D5A7402252EE29000611F9 /* ParameterEncoding.swift in Sources */ = {isa = PBXBuildFile; fileRef = 44D5A73F2252EE29000611F9 /* ParameterEncoding.swift */; };
		44D5A7422252EE48000611F9 /* URLParameterEncoder.swift in Sources */ = {isa = PBXBuildFile; fileRef = 44D5A7412252EE48000611F9 /* URLParameterEncoder.swift */; };
		44D5A7442252EEEC000611F9 /* JSONParameterEncoder.swift in Sources */ = {isa = PBXBuildFile; fileRef = 44D5A7432252EEEC000611F9 /* JSONParameterEncoder.swift */; };
		44D5A7462252EF4F000611F9 /* HTTPMethod.swift in Sources */ = {isa = PBXBuildFile; fileRef = 44D5A7452252EF4F000611F9 /* HTTPMethod.swift */; };
		44D5A7482252EF62000611F9 /* HTTPTask.swift in Sources */ = {isa = PBXBuildFile; fileRef = 44D5A7472252EF62000611F9 /* HTTPTask.swift */; };
		44D5A74A2252EF7F000611F9 /* NetworkRouter.swift in Sources */ = {isa = PBXBuildFile; fileRef = 44D5A7492252EF7F000611F9 /* NetworkRouter.swift */; };
		44D5A74C2252EF92000611F9 /* Router.swift in Sources */ = {isa = PBXBuildFile; fileRef = 44D5A74B2252EF92000611F9 /* Router.swift */; };
		44D5A74E2252EFC3000611F9 /* EndPointTypeProtocol.swift in Sources */ = {isa = PBXBuildFile; fileRef = 44D5A74D2252EFC3000611F9 /* EndPointTypeProtocol.swift */; };
		44D5A7502252EFE0000611F9 /* NetworkManager.swift in Sources */ = {isa = PBXBuildFile; fileRef = 44D5A74F2252EFE0000611F9 /* NetworkManager.swift */; };
		44D5A7522252F04B000611F9 /* ShoplifyEndpoints.swift in Sources */ = {isa = PBXBuildFile; fileRef = 44D5A7512252F04B000611F9 /* ShoplifyEndpoints.swift */; };
		8BB4E234EC1446BACCF69E5C /* Pods_ShoplifyChallenge2019.framework in Frameworks */ = {isa = PBXBuildFile; fileRef = C84B8E88ECF41B4F26140930 /* Pods_ShoplifyChallenge2019.framework */; };
/* End PBXBuildFile section */

/* Begin PBXFileReference section */
		44D5A7132252D54C000611F9 /* ShoplifyChallenge2019.app */ = {isa = PBXFileReference; explicitFileType = wrapper.application; includeInIndex = 0; path = ShoplifyChallenge2019.app; sourceTree = BUILT_PRODUCTS_DIR; };
		44D5A7162252D54C000611F9 /* AppDelegate.swift */ = {isa = PBXFileReference; lastKnownFileType = sourcecode.swift; path = AppDelegate.swift; sourceTree = "<group>"; };
		44D5A7182252D54C000611F9 /* CollectionListVC.swift */ = {isa = PBXFileReference; lastKnownFileType = sourcecode.swift; path = CollectionListVC.swift; sourceTree = "<group>"; };
		44D5A71D2252D54F000611F9 /* Assets.xcassets */ = {isa = PBXFileReference; lastKnownFileType = folder.assetcatalog; path = Assets.xcassets; sourceTree = "<group>"; };
		44D5A7202252D54F000611F9 /* Base */ = {isa = PBXFileReference; lastKnownFileType = file.storyboard; name = Base; path = Base.lproj/LaunchScreen.storyboard; sourceTree = "<group>"; };
		44D5A7222252D54F000611F9 /* Info.plist */ = {isa = PBXFileReference; lastKnownFileType = text.plist.xml; path = Info.plist; sourceTree = "<group>"; };
		44D5A7282252D62D000611F9 /* DetailCollectionVC.swift */ = {isa = PBXFileReference; lastKnownFileType = sourcecode.swift; path = DetailCollectionVC.swift; sourceTree = "<group>"; };
		44D5A72E2252EA28000611F9 /* CategoriesModel.swift */ = {isa = PBXFileReference; lastKnownFileType = sourcecode.swift; path = CategoriesModel.swift; sourceTree = "<group>"; };
		44D5A7302252EA38000611F9 /* Product.swift */ = {isa = PBXFileReference; lastKnownFileType = sourcecode.swift; path = Product.swift; sourceTree = "<group>"; };
		44D5A7322252EA7C000611F9 /* CategoriesCell.swift */ = {isa = PBXFileReference; lastKnownFileType = sourcecode.swift; path = CategoriesCell.swift; sourceTree = "<group>"; };
		44D5A7342252EA9B000611F9 /* ProductCell.swift */ = {isa = PBXFileReference; lastKnownFileType = sourcecode.swift; path = ProductCell.swift; sourceTree = "<group>"; };
		44D5A7362252EAB2000611F9 /* CategoriesLayout.swift */ = {isa = PBXFileReference; lastKnownFileType = sourcecode.swift; path = CategoriesLayout.swift; sourceTree = "<group>"; };
		44D5A7382252EABD000611F9 /* ProductLayout.swift */ = {isa = PBXFileReference; lastKnownFileType = sourcecode.swift; path = ProductLayout.swift; sourceTree = "<group>"; };
		44D5A73F2252EE29000611F9 /* ParameterEncoding.swift */ = {isa = PBXFileReference; lastKnownFileType = sourcecode.swift; path = ParameterEncoding.swift; sourceTree = "<group>"; };
		44D5A7412252EE48000611F9 /* URLParameterEncoder.swift */ = {isa = PBXFileReference; lastKnownFileType = sourcecode.swift; path = URLParameterEncoder.swift; sourceTree = "<group>"; };
		44D5A7432252EEEC000611F9 /* JSONParameterEncoder.swift */ = {isa = PBXFileReference; lastKnownFileType = sourcecode.swift; path = JSONParameterEncoder.swift; sourceTree = "<group>"; };
		44D5A7452252EF4F000611F9 /* HTTPMethod.swift */ = {isa = PBXFileReference; lastKnownFileType = sourcecode.swift; path = HTTPMethod.swift; sourceTree = "<group>"; };
		44D5A7472252EF62000611F9 /* HTTPTask.swift */ = {isa = PBXFileReference; lastKnownFileType = sourcecode.swift; path = HTTPTask.swift; sourceTree = "<group>"; };
		44D5A7492252EF7F000611F9 /* NetworkRouter.swift */ = {isa = PBXFileReference; lastKnownFileType = sourcecode.swift; path = NetworkRouter.swift; sourceTree = "<group>"; };
		44D5A74B2252EF92000611F9 /* Router.swift */ = {isa = PBXFileReference; lastKnownFileType = sourcecode.swift; path = Router.swift; sourceTree = "<group>"; };
		44D5A74D2252EFC3000611F9 /* EndPointTypeProtocol.swift */ = {isa = PBXFileReference; lastKnownFileType = sourcecode.swift; path = EndPointTypeProtocol.swift; sourceTree = "<group>"; };
		44D5A74F2252EFE0000611F9 /* NetworkManager.swift */ = {isa = PBXFileReference; lastKnownFileType = sourcecode.swift; path = NetworkManager.swift; sourceTree = "<group>"; };
		44D5A7512252F04B000611F9 /* ShoplifyEndpoints.swift */ = {isa = PBXFileReference; lastKnownFileType = sourcecode.swift; path = ShoplifyEndpoints.swift; sourceTree = "<group>"; };
		505CD28F94D8BA4EE84B4012 /* Pods-ShoplifyChallenge2019.release.xcconfig */ = {isa = PBXFileReference; includeInIndex = 1; lastKnownFileType = text.xcconfig; name = "Pods-ShoplifyChallenge2019.release.xcconfig"; path = "Pods/Target Support Files/Pods-ShoplifyChallenge2019/Pods-ShoplifyChallenge2019.release.xcconfig"; sourceTree = "<group>"; };
		6E114656FC41E5DFE615D712 /* Pods-ShoplifyChallenge2019.debug.xcconfig */ = {isa = PBXFileReference; includeInIndex = 1; lastKnownFileType = text.xcconfig; name = "Pods-ShoplifyChallenge2019.debug.xcconfig"; path = "Pods/Target Support Files/Pods-ShoplifyChallenge2019/Pods-ShoplifyChallenge2019.debug.xcconfig"; sourceTree = "<group>"; };
		C84B8E88ECF41B4F26140930 /* Pods_ShoplifyChallenge2019.framework */ = {isa = PBXFileReference; explicitFileType = wrapper.framework; includeInIndex = 0; path = Pods_ShoplifyChallenge2019.framework; sourceTree = BUILT_PRODUCTS_DIR; };
/* End PBXFileReference section */

/* Begin PBXFrameworksBuildPhase section */
		44D5A7102252D54C000611F9 /* Frameworks */ = {
			isa = PBXFrameworksBuildPhase;
			buildActionMask = 2147483647;
			files = (
				8BB4E234EC1446BACCF69E5C /* Pods_ShoplifyChallenge2019.framework in Frameworks */,
			);
			runOnlyForDeploymentPostprocessing = 0;
		};
/* End PBXFrameworksBuildPhase section */

/* Begin PBXGroup section */
		0DBA95F260371E8FB56E6A30 /* Pods */ = {
			isa = PBXGroup;
			children = (
				6E114656FC41E5DFE615D712 /* Pods-ShoplifyChallenge2019.debug.xcconfig */,
				505CD28F94D8BA4EE84B4012 /* Pods-ShoplifyChallenge2019.release.xcconfig */,
			);
			name = Pods;
			sourceTree = "<group>";
		};
		44D5A70A2252D54C000611F9 = {
			isa = PBXGroup;
			children = (
				44D5A7152252D54C000611F9 /* ShoplifyChallenge2019 */,
				44D5A7142252D54C000611F9 /* Products */,
				0DBA95F260371E8FB56E6A30 /* Pods */,
				71F450DF0FD509D45FFE5A3C /* Frameworks */,
			);
			sourceTree = "<group>";
		};
		44D5A7142252D54C000611F9 /* Products */ = {
			isa = PBXGroup;
			children = (
				44D5A7132252D54C000611F9 /* ShoplifyChallenge2019.app */,
			);
			name = Products;
			sourceTree = "<group>";
		};
		44D5A7152252D54C000611F9 /* ShoplifyChallenge2019 */ = {
			isa = PBXGroup;
			children = (
				44D5A7162252D54C000611F9 /* AppDelegate.swift */,
				44D5A72D2252EA04000611F9 /* Networking */,
				44D5A72C2252E9FD000611F9 /* Models */,
				44D5A72A2252E9ED000611F9 /* Controllers */,
				44D5A72B2252E9F6000611F9 /* Views */,
				44D5A71D2252D54F000611F9 /* Assets.xcassets */,
				44D5A71F2252D54F000611F9 /* LaunchScreen.storyboard */,
				44D5A7222252D54F000611F9 /* Info.plist */,
			);
			path = ShoplifyChallenge2019;
			sourceTree = "<group>";
		};
		44D5A72A2252E9ED000611F9 /* Controllers */ = {
			isa = PBXGroup;
			children = (
				44D5A7182252D54C000611F9 /* CollectionListVC.swift */,
				44D5A7282252D62D000611F9 /* DetailCollectionVC.swift */,
			);
			path = Controllers;
			sourceTree = "<group>";
		};
		44D5A72B2252E9F6000611F9 /* Views */ = {
			isa = PBXGroup;
			children = (
				44D5A7322252EA7C000611F9 /* CategoriesCell.swift */,
				44D5A7342252EA9B000611F9 /* ProductCell.swift */,
				44D5A7362252EAB2000611F9 /* CategoriesLayout.swift */,
				44D5A7382252EABD000611F9 /* ProductLayout.swift */,
			);
			path = Views;
			sourceTree = "<group>";
		};
		44D5A72C2252E9FD000611F9 /* Models */ = {
			isa = PBXGroup;
			children = (
				44D5A72E2252EA28000611F9 /* CategoriesModel.swift */,
				44D5A7302252EA38000611F9 /* Product.swift */,
			);
			path = Models;
			sourceTree = "<group>";
		};
		44D5A72D2252EA04000611F9 /* Networking */ = {
			isa = PBXGroup;
			children = (
				44D5A73C2252EDDD000611F9 /* Service */,
				44D5A73D2252EDE5000611F9 /* Encoding */,
				44D5A73E2252EE01000611F9 /* Endpoint */,
				44D5A73B2252EDD1000611F9 /*  Manager */,
			);
			path = Networking;
			sourceTree = "<group>";
		};
		44D5A73B2252EDD1000611F9 /*  Manager */ = {
			isa = PBXGroup;
			children = (
				44D5A74F2252EFE0000611F9 /* NetworkManager.swift */,
			);
			path = " Manager";
			sourceTree = "<group>";
		};
		44D5A73C2252EDDD000611F9 /* Service */ = {
			isa = PBXGroup;
			children = (
				44D5A7452252EF4F000611F9 /* HTTPMethod.swift */,
				44D5A7472252EF62000611F9 /* HTTPTask.swift */,
				44D5A7492252EF7F000611F9 /* NetworkRouter.swift */,
				44D5A74B2252EF92000611F9 /* Router.swift */,
			);
			path = Service;
			sourceTree = "<group>";
		};
		44D5A73D2252EDE5000611F9 /* Encoding */ = {
			isa = PBXGroup;
			children = (
				44D5A73F2252EE29000611F9 /* ParameterEncoding.swift */,
				44D5A7412252EE48000611F9 /* URLParameterEncoder.swift */,
				44D5A7432252EEEC000611F9 /* JSONParameterEncoder.swift */,
			);
			path = Encoding;
			sourceTree = "<group>";
		};
		44D5A73E2252EE01000611F9 /* Endpoint */ = {
			isa = PBXGroup;
			children = (
				44D5A74D2252EFC3000611F9 /* EndPointTypeProtocol.swift */,
				44D5A7512252F04B000611F9 /* ShoplifyEndpoints.swift */,
			);
			path = Endpoint;
			sourceTree = "<group>";
		};
		71F450DF0FD509D45FFE5A3C /* Frameworks */ = {
			isa = PBXGroup;
			children = (
				C84B8E88ECF41B4F26140930 /* Pods_ShoplifyChallenge2019.framework */,
			);
			name = Frameworks;
			sourceTree = "<group>";
		};
/* End PBXGroup section */

/* Begin PBXNativeTarget section */
		44D5A7122252D54C000611F9 /* ShoplifyChallenge2019 */ = {
			isa = PBXNativeTarget;
			buildConfigurationList = 44D5A7252252D54F000611F9 /* Build configuration list for PBXNativeTarget "ShoplifyChallenge2019" */;
			buildPhases = (
				44D5A73A2252ED03000611F9 /* ShellScript */,
				9CD3CF9F0B28273A8B2E7A88 /* [CP] Check Pods Manifest.lock */,
				44D5A70F2252D54C000611F9 /* Sources */,
				44D5A7102252D54C000611F9 /* Frameworks */,
				44D5A7112252D54C000611F9 /* Resources */,
			);
			buildRules = (
			);
			dependencies = (
			);
			name = ShoplifyChallenge2019;
			productName = ShoplifyChallenge2019;
			productReference = 44D5A7132252D54C000611F9 /* ShoplifyChallenge2019.app */;
			productType = "com.apple.product-type.application";
		};
/* End PBXNativeTarget section */

/* Begin PBXProject section */
		44D5A70B2252D54C000611F9 /* Project object */ = {
			isa = PBXProject;
			attributes = {
				LastSwiftUpdateCheck = 1020;
				LastUpgradeCheck = 1020;
				ORGANIZATIONNAME = "Jackson Ho";
				TargetAttributes = {
					44D5A7122252D54C000611F9 = {
						CreatedOnToolsVersion = 10.2;
					};
				};
			};
			buildConfigurationList = 44D5A70E2252D54C000611F9 /* Build configuration list for PBXProject "ShoplifyChallenge2019" */;
			compatibilityVersion = "Xcode 9.3";
			developmentRegion = en;
			hasScannedForEncodings = 0;
			knownRegions = (
				en,
				Base,
			);
			mainGroup = 44D5A70A2252D54C000611F9;
			productRefGroup = 44D5A7142252D54C000611F9 /* Products */;
			projectDirPath = "";
			projectRoot = "";
			targets = (
				44D5A7122252D54C000611F9 /* ShoplifyChallenge2019 */,
			);
		};
/* End PBXProject section */

/* Begin PBXResourcesBuildPhase section */
		44D5A7112252D54C000611F9 /* Resources */ = {
			isa = PBXResourcesBuildPhase;
			buildActionMask = 2147483647;
			files = (
				44D5A7212252D54F000611F9 /* LaunchScreen.storyboard in Resources */,
				44D5A71E2252D54F000611F9 /* Assets.xcassets in Resources */,
			);
			runOnlyForDeploymentPostprocessing = 0;
		};
/* End PBXResourcesBuildPhase section */

/* Begin PBXShellScriptBuildPhase section */
		44D5A73A2252ED03000611F9 /* ShellScript */ = {
			isa = PBXShellScriptBuildPhase;
			buildActionMask = 2147483647;
			files = (
			);
			inputFileListPaths = (
			);
			inputPaths = (
			);
			outputFileListPaths = (
			);
			outputPaths = (
			);
			runOnlyForDeploymentPostprocessing = 0;
			shellPath = /bin/sh;
			shellScript = "# Type a script or drag a script file from your workspace to insert its path.\n\"${PODS_ROOT}/SwiftLint/swiftlint\"\n";
		};
		9CD3CF9F0B28273A8B2E7A88 /* [CP] Check Pods Manifest.lock */ = {
			isa = PBXShellScriptBuildPhase;
			buildActionMask = 2147483647;
			files = (
			);
			inputFileListPaths = (
			);
			inputPaths = (
				"${PODS_PODFILE_DIR_PATH}/Podfile.lock",
				"${PODS_ROOT}/Manifest.lock",
			);
			name = "[CP] Check Pods Manifest.lock";
			outputFileListPaths = (
			);
			outputPaths = (
				"$(DERIVED_FILE_DIR)/Pods-ShoplifyChallenge2019-checkManifestLockResult.txt",
			);
			runOnlyForDeploymentPostprocessing = 0;
			shellPath = /bin/sh;
			shellScript = "diff \"${PODS_PODFILE_DIR_PATH}/Podfile.lock\" \"${PODS_ROOT}/Manifest.lock\" > /dev/null\nif [ $? != 0 ] ; then\n    # print error to STDERR\n    echo \"error: The sandbox is not in sync with the Podfile.lock. Run 'pod install' or update your CocoaPods installation.\" >&2\n    exit 1\nfi\n# This output is used by Xcode 'outputs' to avoid re-running this script phase.\necho \"SUCCESS\" > \"${SCRIPT_OUTPUT_FILE_0}\"\n";
			showEnvVarsInLog = 0;
		};
/* End PBXShellScriptBuildPhase section */

/* Begin PBXSourcesBuildPhase section */
		44D5A70F2252D54C000611F9 /* Sources */ = {
			isa = PBXSourcesBuildPhase;
			buildActionMask = 2147483647;
			files = (
				44D5A7502252EFE0000611F9 /* NetworkManager.swift in Sources */,
				44D5A7482252EF62000611F9 /* HTTPTask.swift in Sources */,
				44D5A7192252D54C000611F9 /* CollectionListVC.swift in Sources */,
				44D5A74A2252EF7F000611F9 /* NetworkRouter.swift in Sources */,
				44D5A7422252EE48000611F9 /* URLParameterEncoder.swift in Sources */,
				44D5A7292252D62D000611F9 /* DetailCollectionVC.swift in Sources */,
				44D5A7402252EE29000611F9 /* ParameterEncoding.swift in Sources */,
				44D5A7312252EA38000611F9 /* Product.swift in Sources */,
				44D5A7332252EA7C000611F9 /* CategoriesCell.swift in Sources */,
				44D5A7522252F04B000611F9 /* ShoplifyEndpoints.swift in Sources */,
				44D5A74C2252EF92000611F9 /* Router.swift in Sources */,
				44D5A7172252D54C000611F9 /* AppDelegate.swift in Sources */,
				44D5A7372252EAB2000611F9 /* CategoriesLayout.swift in Sources */,
				44D5A74E2252EFC3000611F9 /* EndPointTypeProtocol.swift in Sources */,
				44D5A7442252EEEC000611F9 /* JSONParameterEncoder.swift in Sources */,
				44D5A7392252EABD000611F9 /* ProductLayout.swift in Sources */,
				44D5A7462252EF4F000611F9 /* HTTPMethod.swift in Sources */,
				44D5A7352252EA9B000611F9 /* ProductCell.swift in Sources */,
				44D5A72F2252EA28000611F9 /* CategoriesModel.swift in Sources */,
			);
			runOnlyForDeploymentPostprocessing = 0;
		};
/* End PBXSourcesBuildPhase section */

/* Begin PBXVariantGroup section */
		44D5A71F2252D54F000611F9 /* LaunchScreen.storyboard */ = {
			isa = PBXVariantGroup;
			children = (
				44D5A7202252D54F000611F9 /* Base */,
			);
			name = LaunchScreen.storyboard;
			sourceTree = "<group>";
		};
/* End PBXVariantGroup section */

/* Begin XCBuildConfiguration section */
		44D5A7232252D54F000611F9 /* Debug */ = {
			isa = XCBuildConfiguration;
			buildSettings = {
				ALWAYS_SEARCH_USER_PATHS = NO;
				CLANG_ANALYZER_NONNULL = YES;
				CLANG_ANALYZER_NUMBER_OBJECT_CONVERSION = YES_AGGRESSIVE;
				CLANG_CXX_LANGUAGE_STANDARD = "gnu++14";
				CLANG_CXX_LIBRARY = "libc++";
				CLANG_ENABLE_MODULES = YES;
				CLANG_ENABLE_OBJC_ARC = YES;
				CLANG_ENABLE_OBJC_WEAK = YES;
				CLANG_WARN_BLOCK_CAPTURE_AUTORELEASING = YES;
				CLANG_WARN_BOOL_CONVERSION = YES;
				CLANG_WARN_COMMA = YES;
				CLANG_WARN_CONSTANT_CONVERSION = YES;
				CLANG_WARN_DEPRECATED_OBJC_IMPLEMENTATIONS = YES;
				CLANG_WARN_DIRECT_OBJC_ISA_USAGE = YES_ERROR;
				CLANG_WARN_DOCUMENTATION_COMMENTS = YES;
				CLANG_WARN_EMPTY_BODY = YES;
				CLANG_WARN_ENUM_CONVERSION = YES;
				CLANG_WARN_INFINITE_RECURSION = YES;
				CLANG_WARN_INT_CONVERSION = YES;
				CLANG_WARN_NON_LITERAL_NULL_CONVERSION = YES;
				CLANG_WARN_OBJC_IMPLICIT_RETAIN_SELF = YES;
				CLANG_WARN_OBJC_LITERAL_CONVERSION = YES;
				CLANG_WARN_OBJC_ROOT_CLASS = YES_ERROR;
				CLANG_WARN_RANGE_LOOP_ANALYSIS = YES;
				CLANG_WARN_STRICT_PROTOTYPES = YES;
				CLANG_WARN_SUSPICIOUS_MOVE = YES;
				CLANG_WARN_UNGUARDED_AVAILABILITY = YES_AGGRESSIVE;
				CLANG_WARN_UNREACHABLE_CODE = YES;
				CLANG_WARN__DUPLICATE_METHOD_MATCH = YES;
				CODE_SIGN_IDENTITY = "iPhone Developer";
				COPY_PHASE_STRIP = NO;
				DEBUG_INFORMATION_FORMAT = dwarf;
				ENABLE_STRICT_OBJC_MSGSEND = YES;
				ENABLE_TESTABILITY = YES;
				GCC_C_LANGUAGE_STANDARD = gnu11;
				GCC_DYNAMIC_NO_PIC = NO;
				GCC_NO_COMMON_BLOCKS = YES;
				GCC_OPTIMIZATION_LEVEL = 0;
				GCC_PREPROCESSOR_DEFINITIONS = (
					"DEBUG=1",
					"$(inherited)",
				);
				GCC_WARN_64_TO_32_BIT_CONVERSION = YES;
				GCC_WARN_ABOUT_RETURN_TYPE = YES_ERROR;
				GCC_WARN_UNDECLARED_SELECTOR = YES;
				GCC_WARN_UNINITIALIZED_AUTOS = YES_AGGRESSIVE;
				GCC_WARN_UNUSED_FUNCTION = YES;
				GCC_WARN_UNUSED_VARIABLE = YES;
				IPHONEOS_DEPLOYMENT_TARGET = 12.2;
				MTL_ENABLE_DEBUG_INFO = INCLUDE_SOURCE;
				MTL_FAST_MATH = YES;
				ONLY_ACTIVE_ARCH = YES;
				SDKROOT = iphoneos;
				SWIFT_ACTIVE_COMPILATION_CONDITIONS = DEBUG;
				SWIFT_OPTIMIZATION_LEVEL = "-Onone";
			};
			name = Debug;
		};
		44D5A7242252D54F000611F9 /* Release */ = {
			isa = XCBuildConfiguration;
			buildSettings = {
				ALWAYS_SEARCH_USER_PATHS = NO;
				CLANG_ANALYZER_NONNULL = YES;
				CLANG_ANALYZER_NUMBER_OBJECT_CONVERSION = YES_AGGRESSIVE;
				CLANG_CXX_LANGUAGE_STANDARD = "gnu++14";
				CLANG_CXX_LIBRARY = "libc++";
				CLANG_ENABLE_MODULES = YES;
				CLANG_ENABLE_OBJC_ARC = YES;
				CLANG_ENABLE_OBJC_WEAK = YES;
				CLANG_WARN_BLOCK_CAPTURE_AUTORELEASING = YES;
				CLANG_WARN_BOOL_CONVERSION = YES;
				CLANG_WARN_COMMA = YES;
				CLANG_WARN_CONSTANT_CONVERSION = YES;
				CLANG_WARN_DEPRECATED_OBJC_IMPLEMENTATIONS = YES;
				CLANG_WARN_DIRECT_OBJC_ISA_USAGE = YES_ERROR;
				CLANG_WARN_DOCUMENTATION_COMMENTS = YES;
				CLANG_WARN_EMPTY_BODY = YES;
				CLANG_WARN_ENUM_CONVERSION = YES;
				CLANG_WARN_INFINITE_RECURSION = YES;
				CLANG_WARN_INT_CONVERSION = YES;
				CLANG_WARN_NON_LITERAL_NULL_CONVERSION = YES;
				CLANG_WARN_OBJC_IMPLICIT_RETAIN_SELF = YES;
				CLANG_WARN_OBJC_LITERAL_CONVERSION = YES;
				CLANG_WARN_OBJC_ROOT_CLASS = YES_ERROR;
				CLANG_WARN_RANGE_LOOP_ANALYSIS = YES;
				CLANG_WARN_STRICT_PROTOTYPES = YES;
				CLANG_WARN_SUSPICIOUS_MOVE = YES;
				CLANG_WARN_UNGUARDED_AVAILABILITY = YES_AGGRESSIVE;
				CLANG_WARN_UNREACHABLE_CODE = YES;
				CLANG_WARN__DUPLICATE_METHOD_MATCH = YES;
				CODE_SIGN_IDENTITY = "iPhone Developer";
				COPY_PHASE_STRIP = NO;
				DEBUG_INFORMATION_FORMAT = "dwarf-with-dsym";
				ENABLE_NS_ASSERTIONS = NO;
				ENABLE_STRICT_OBJC_MSGSEND = YES;
				GCC_C_LANGUAGE_STANDARD = gnu11;
				GCC_NO_COMMON_BLOCKS = YES;
				GCC_WARN_64_TO_32_BIT_CONVERSION = YES;
				GCC_WARN_ABOUT_RETURN_TYPE = YES_ERROR;
				GCC_WARN_UNDECLARED_SELECTOR = YES;
				GCC_WARN_UNINITIALIZED_AUTOS = YES_AGGRESSIVE;
				GCC_WARN_UNUSED_FUNCTION = YES;
				GCC_WARN_UNUSED_VARIABLE = YES;
				IPHONEOS_DEPLOYMENT_TARGET = 12.2;
				MTL_ENABLE_DEBUG_INFO = NO;
				MTL_FAST_MATH = YES;
				SDKROOT = iphoneos;
				SWIFT_COMPILATION_MODE = wholemodule;
				SWIFT_OPTIMIZATION_LEVEL = "-O";
				VALIDATE_PRODUCT = YES;
			};
			name = Release;
		};
		44D5A7262252D54F000611F9 /* Debug */ = {
			isa = XCBuildConfiguration;
			baseConfigurationReference = 6E114656FC41E5DFE615D712 /* Pods-ShoplifyChallenge2019.debug.xcconfig */;
			buildSettings = {
				ASSETCATALOG_COMPILER_APPICON_NAME = AppIcon;
				CODE_SIGN_STYLE = Automatic;
				DEVELOPMENT_TEAM = XYLZ368J9Q;
				INFOPLIST_FILE = ShoplifyChallenge2019/Info.plist;
				LD_RUNPATH_SEARCH_PATHS = (
					"$(inherited)",
					"@executable_path/Frameworks",
				);
				PRODUCT_BUNDLE_IDENTIFIER = co.jacksonHo.ShoplifyChallenge2019;
				PRODUCT_NAME = "$(TARGET_NAME)";
				SWIFT_VERSION = 5.0;
				TARGETED_DEVICE_FAMILY = "1,2";
			};
			name = Debug;
		};
		44D5A7272252D54F000611F9 /* Release */ = {
			isa = XCBuildConfiguration;
			baseConfigurationReference = 505CD28F94D8BA4EE84B4012 /* Pods-ShoplifyChallenge2019.release.xcconfig */;
			buildSettings = {
				ASSETCATALOG_COMPILER_APPICON_NAME = AppIcon;
				CODE_SIGN_STYLE = Automatic;
				DEVELOPMENT_TEAM = XYLZ368J9Q;
				INFOPLIST_FILE = ShoplifyChallenge2019/Info.plist;
				LD_RUNPATH_SEARCH_PATHS = (
					"$(inherited)",
					"@executable_path/Frameworks",
				);
				PRODUCT_BUNDLE_IDENTIFIER = co.jacksonHo.ShoplifyChallenge2019;
				PRODUCT_NAME = "$(TARGET_NAME)";
				SWIFT_VERSION = 5.0;
				TARGETED_DEVICE_FAMILY = "1,2";
			};
			name = Release;
		};
/* End XCBuildConfiguration section */

/* Begin XCConfigurationList section */
		44D5A70E2252D54C000611F9 /* Build configuration list for PBXProject "ShoplifyChallenge2019" */ = {
			isa = XCConfigurationList;
			buildConfigurations = (
				44D5A7232252D54F000611F9 /* Debug */,
				44D5A7242252D54F000611F9 /* Release */,
			);
			defaultConfigurationIsVisible = 0;
			defaultConfigurationName = Release;
		};
		44D5A7252252D54F000611F9 /* Build configuration list for PBXNativeTarget "ShoplifyChallenge2019" */ = {
			isa = XCConfigurationList;
			buildConfigurations = (
				44D5A7262252D54F000611F9 /* Debug */,
				44D5A7272252D54F000611F9 /* Release */,
			);
			defaultConfigurationIsVisible = 0;
			defaultConfigurationName = Release;
		};
/* End XCConfigurationList section */
	};
	rootObject = 44D5A70B2252D54C000611F9 /* Project object */;
}
